
Microsoft Visual Studio Solution File, Format Version 12.00
# Visual Studio Version 16
VisualStudioVersion = 16.0.32602.291
MinimumVisualStudioVersion = 10.0.40219.1
Project("{FAE04EC0-301F-11D3-BF4B-00C04F79EFBC}") = "Arrays", "Arrays.csproj", "{1DAAFA23-D3FE-4231-803E-903792C16C17}"
EndProject
Global
	GlobalSection(SolutionConfigurationPlatforms) = preSolution
		Debug|Any CPU = Debug|Any CPU
		Release|Any CPU = Release|Any CPU
	EndGlobalSection
	GlobalSection(ProjectConfigurationPlatforms) = postSolution
		{1DAAFA23-D3FE-4231-803E-903792C16C17}.Debug|Any CPU.ActiveCfg = Debug|Any CPU
		{1DAAFA23-D3FE-4231-803E-903792C16C17}.Debug|Any CPU.Build.0 = Debug|Any CPU
		{1DAAFA23-D3FE-4231-803E-903792C16C17}.Release|Any CPU.ActiveCfg = Release|Any CPU
		{1DAAFA23-D3FE-4231-803E-903792C16C17}.Release|Any CPU.Build.0 = Release|Any CPU
	EndGlobalSection
	GlobalSection(SolutionProperties) = preSolution
		HideSolutionNode = FALSE
	EndGlobalSection
	GlobalSection(ExtensibilityGlobals) = postSolution
		SolutionGuid = {63715447-4359-4CDA-A033-22F78404843A}
	EndGlobalSection
EndGlobal
